github.com/a-h/templ v0.3.1020 h1:ypAT/L5ySWEnZ6Zft/5yfoWXYYkhFNvEFOeeqecg4tw=
github.com/a-h/templ v0.3.1020/go.mod h1:A2DlK61v+K+NRoGnhmYbNYVmtYHcFO5/AisMvBdDxTM=
github.com/google/go-cmp v0.7.0 h1:wk8382ETsv4JYUZwIsn6YpYiWiBsYLSJiTsyBybVuN8=
github.com/google/go-cmp v0.7.0/go.mod h1:pXiqmnSA92OHEEa9HXL2W4E7lf9JzCmGVUdgjX3N/iU=
github.com/gopernicus/gopernicus/pockets v0.1.0 h1:2WcybbfPw1km00DmG37CekPbxYmObyyj3T1Ec0eFSRY=
github.com/gopernicus/gopernicus/pockets v0.1.0/go.mod h1:A2H/Tl9Pn2v2mFLOgkCQngMRFkMN10E1MEzGCQICsEw=
github.com/gopernicus/gopernicus/pockets/cms v0.3.0 h1:z3ADWDmI9COL02Jky8eVgJnshdPf4nQ2QoogrdLZGGs=
github.com/gopernicus/gopernicus/pockets/cms v0.3.0/go.mod h1:SD8l/U1/O3bEZQxOSkQAO/5cTdzeEa3WqStThKXdOYg=
github.com/gopernicus/gopernicus/pockets/cms/views/goth v0.3.0 h1:le3rBE5WAQhEoNBo+FiE0J5U8O0G33DUV8kE48T7gjg=
github.com/gopernicus/gopernicus/pockets/cms/views/goth v0.3.0/go.mod h1:Og8blfxYBKp45x2X4e4tp5fPEHsN5CNJmuQyXOpctfs=
github.com/gopernicus/gopernicus/sdk v0.9.0 h1:g7rTlx/W8Dzb0VwsGJhfhas2hK2L7I61BELPuGQCLZY=
github.com/gopernicus/gopernicus/sdk v0.9.0/go.mod h1:z0bypQiCybwPoxoDfzhYvB1BtH2av549QR84GacngaE=
github.com/gopernicus/gopernicus/ui/goth v0.2.0 h1:I+frS3EyeGsd4c43uLDTiDbiMf9wZQUQBXv9rOcmkC8=
github.com/gopernicus/gopernicus/ui/goth v0.2.0/go.mod h1:N5d51dHXti9FcUOZ3ktYI1BaFFVbbSwSd5N8KyS92Fg=
