github.com/gopernicus/gopernicus/pockets v0.1.0 h1:2WcybbfPw1km00DmG37CekPbxYmObyyj3T1Ec0eFSRY=
github.com/gopernicus/gopernicus/pockets v0.1.0/go.mod h1:A2H/Tl9Pn2v2mFLOgkCQngMRFkMN10E1MEzGCQICsEw=
github.com/gopernicus/gopernicus/sdk v0.10.0 h1:2Olg4g71pOAij0mz+mBGe+meXWreQW268bTPXp+wkSs=
github.com/gopernicus/gopernicus/sdk v0.10.0/go.mod h1:z0bypQiCybwPoxoDfzhYvB1BtH2av549QR84GacngaE=
