github.com/google/uuid v1.6.0 h1:NIvaJDMOsjHA8n1jAhLSgzrAzy1Hgr+hNrb57e+94F0=
github.com/google/uuid v1.6.0/go.mod h1:TIyPZe4MgqvfeYDBFedMoGGpEw/LqOeaOT+nhxU+yHo=
github.com/gopernicus/gopernicus/sdk v0.1.0 h1:ZrOT7HU/VYMHptQRQl5bZS+VjOQg5Ln41uPboSeRN9s=
github.com/gopernicus/gopernicus/sdk v0.1.0/go.mod h1:z0bypQiCybwPoxoDfzhYvB1BtH2av549QR84GacngaE=
